
Microsoft Visual Studio Solution File, Format Version 12.00
# Visual Studio Version 17
VisualStudioVersion = 17.1.32228.430
MinimumVisualStudioVersion = 10.0.40219.1
Project("{9A19103F-16F7-4668-BE54-9A1E7A4F7556}") = "DataAccess", "DataAccess\DataAccess.csproj", "{8AE4099E-A75D-4DE7-BC77-482062C108B3}"
EndProject
Project("{9A19103F-16F7-4668-BE54-9A1E7A4F7556}") = "Business", "Business\Business.csproj", "{397A01D9-DDD9-4900-9376-A02368F9657A}"
EndProject
Project("{9A19103F-16F7-4668-BE54-9A1E7A4F7556}") = "Entities", "Entities\Entities.csproj", "{70519056-600A-4A22-B4ED-2DFB9507413B}"
EndProject
Project("{9A19103F-16F7-4668-BE54-9A1E7A4F7556}") = "ConsoleUI", "ConsoleUI\ConsoleUI.csproj", "{4B75636E-49E2-4723-B119-E3927AC08DE4}"
EndProject
Project("{FAE04EC0-301F-11D3-BF4B-00C04F79EFBC}") = "Core", "Core\Core.csproj", "{A165440E-E6D6-4298-A34E-2A8A27970FE8}"
EndProject
Global
	GlobalSection(SolutionConfigurationPlatforms) = preSolution
		Debug|Any CPU = Debug|Any CPU
		Release|Any CPU = Release|Any CPU
	EndGlobalSection
	GlobalSection(ProjectConfigurationPlatforms) = postSolution
		{8AE4099E-A75D-4DE7-BC77-482062C108B3}.Debug|Any CPU.ActiveCfg = Debug|Any CPU
		{8AE4099E-A75D-4DE7-BC77-482062C108B3}.Debug|Any CPU.Build.0 = Debug|Any CPU
		{8AE4099E-A75D-4DE7-BC77-482062C108B3}.Release|Any CPU.ActiveCfg = Release|Any CPU
		{8AE4099E-A75D-4DE7-BC77-482062C108B3}.Release|Any CPU.Build.0 = Release|Any CPU
		{397A01D9-DDD9-4900-9376-A02368F9657A}.Debug|Any CPU.ActiveCfg = Debug|Any CPU
		{397A01D9-DDD9-4900-9376-A02368F9657A}.Debug|Any CPU.Build.0 = Debug|Any CPU
		{397A01D9-DDD9-4900-9376-A02368F9657A}.Release|Any CPU.ActiveCfg = Release|Any CPU
		{397A01D9-DDD9-4900-9376-A02368F9657A}.Release|Any CPU.Build.0 = Release|Any CPU
		{70519056-600A-4A22-B4ED-2DFB9507413B}.Debug|Any CPU.ActiveCfg = Debug|Any CPU
		{70519056-600A-4A22-B4ED-2DFB9507413B}.Debug|Any CPU.Build.0 = Debug|Any CPU
		{70519056-600A-4A22-B4ED-2DFB9507413B}.Release|Any CPU.ActiveCfg = Release|Any CPU
		{70519056-600A-4A22-B4ED-2DFB9507413B}.Release|Any CPU.Build.0 = Release|Any CPU
		{4B75636E-49E2-4723-B119-E3927AC08DE4}.Debug|Any CPU.ActiveCfg = Debug|Any CPU
		{4B75636E-49E2-4723-B119-E3927AC08DE4}.Debug|Any CPU.Build.0 = Debug|Any CPU
		{4B75636E-49E2-4723-B119-E3927AC08DE4}.Release|Any CPU.ActiveCfg = Release|Any CPU
		{4B75636E-49E2-4723-B119-E3927AC08DE4}.Release|Any CPU.Build.0 = Release|Any CPU
		{A165440E-E6D6-4298-A34E-2A8A27970FE8}.Debug|Any CPU.ActiveCfg = Debug|Any CPU
		{A165440E-E6D6-4298-A34E-2A8A27970FE8}.Debug|Any CPU.Build.0 = Debug|Any CPU
		{A165440E-E6D6-4298-A34E-2A8A27970FE8}.Release|Any CPU.ActiveCfg = Release|Any CPU
		{A165440E-E6D6-4298-A34E-2A8A27970FE8}.Release|Any CPU.Build.0 = Release|Any CPU
	EndGlobalSection
	GlobalSection(SolutionProperties) = preSolution
		HideSolutionNode = FALSE
	EndGlobalSection
	GlobalSection(ExtensibilityGlobals) = postSolution
		SolutionGuid = {6CDD8539-68C5-4B0A-A5D2-D10E740C5115}
	EndGlobalSection
EndGlobal
